
Microsoft Visual Studio Solution File, Format Version 12.00
# Visual Studio Version 17
VisualStudioVersion = 17.5.33516.290
MinimumVisualStudioVersion = 10.0.40219.1
Project("{FAE04EC0-301F-11D3-BF4B-00C04F79EFBC}") = "GastroNET", "GastroNET.csproj", "{476948AC-5685-47CE-A22C-6618BBCA8041}"
EndProject
Project("{FAE04EC0-301F-11D3-BF4B-00C04F79EFBC}") = "Application", "..\Application\Application.csproj", "{398E14D2-7390-4F61-814F-A7ACD360905B}"
EndProject
Project("{FAE04EC0-301F-11D3-BF4B-00C04F79EFBC}") = "Domain", "..\Domain\Domain.csproj", "{5C157B18-A53F-427B-A984-885B55E856C0}"
EndProject
Project("{FAE04EC0-301F-11D3-BF4B-00C04F79EFBC}") = "Infraestructure", "..\Infraestructure\Infraestructure.csproj", "{7B51871B-08A5-4733-AFCA-CAFB7602BA5A}"
EndProject
Project("{FAE04EC0-301F-11D3-BF4B-00C04F79EFBC}") = "UniTestReceta", "..\RecetaUnitTest\UniTestReceta.csproj", "{828C8B04-B835-42F7-BBB6-6EDC5E44148E}"
EndProject
Global
	GlobalSection(SolutionConfigurationPlatforms) = preSolution
		Debug|Any CPU = Debug|Any CPU
		Release|Any CPU = Release|Any CPU
	EndGlobalSection
	GlobalSection(ProjectConfigurationPlatforms) = postSolution
		{476948AC-5685-47CE-A22C-6618BBCA8041}.Debug|Any CPU.ActiveCfg = Debug|Any CPU
		{476948AC-5685-47CE-A22C-6618BBCA8041}.Debug|Any CPU.Build.0 = Debug|Any CPU
		{476948AC-5685-47CE-A22C-6618BBCA8041}.Release|Any CPU.ActiveCfg = Release|Any CPU
		{476948AC-5685-47CE-A22C-6618BBCA8041}.Release|Any CPU.Build.0 = Release|Any CPU
		{398E14D2-7390-4F61-814F-A7ACD360905B}.Debug|Any CPU.ActiveCfg = Debug|Any CPU
		{398E14D2-7390-4F61-814F-A7ACD360905B}.Debug|Any CPU.Build.0 = Debug|Any CPU
		{398E14D2-7390-4F61-814F-A7ACD360905B}.Release|Any CPU.ActiveCfg = Release|Any CPU
		{398E14D2-7390-4F61-814F-A7ACD360905B}.Release|Any CPU.Build.0 = Release|Any CPU
		{5C157B18-A53F-427B-A984-885B55E856C0}.Debug|Any CPU.ActiveCfg = Debug|Any CPU
		{5C157B18-A53F-427B-A984-885B55E856C0}.Debug|Any CPU.Build.0 = Debug|Any CPU
		{5C157B18-A53F-427B-A984-885B55E856C0}.Release|Any CPU.ActiveCfg = Release|Any CPU
		{5C157B18-A53F-427B-A984-885B55E856C0}.Release|Any CPU.Build.0 = Release|Any CPU
		{7B51871B-08A5-4733-AFCA-CAFB7602BA5A}.Debug|Any CPU.ActiveCfg = Debug|Any CPU
		{7B51871B-08A5-4733-AFCA-CAFB7602BA5A}.Debug|Any CPU.Build.0 = Debug|Any CPU
		{7B51871B-08A5-4733-AFCA-CAFB7602BA5A}.Release|Any CPU.ActiveCfg = Release|Any CPU
		{7B51871B-08A5-4733-AFCA-CAFB7602BA5A}.Release|Any CPU.Build.0 = Release|Any CPU
		{828C8B04-B835-42F7-BBB6-6EDC5E44148E}.Debug|Any CPU.ActiveCfg = Debug|Any CPU
		{828C8B04-B835-42F7-BBB6-6EDC5E44148E}.Debug|Any CPU.Build.0 = Debug|Any CPU
		{828C8B04-B835-42F7-BBB6-6EDC5E44148E}.Release|Any CPU.ActiveCfg = Release|Any CPU
		{828C8B04-B835-42F7-BBB6-6EDC5E44148E}.Release|Any CPU.Build.0 = Release|Any CPU
	EndGlobalSection
	GlobalSection(SolutionProperties) = preSolution
		HideSolutionNode = FALSE
	EndGlobalSection
	GlobalSection(ExtensibilityGlobals) = postSolution
		SolutionGuid = {8BA4683F-412B-47A2-8EA2-F3A5BD511071}
	EndGlobalSection
EndGlobal
